
Microsoft Visual Studio Solution File, Format Version 12.00
# Visual Studio Version 16
VisualStudioVersion = 16.0.29709.97
MinimumVisualStudioVersion = 10.0.40219.1
Project("{FAE04EC0-301F-11D3-BF4B-00C04F79EFBC}") = "WcfDataService", "WcfDataService\WcfDataService.csproj", "{A3BEBCB4-7470-4CB9-A5C7-3BACEB857C8C}"
EndProject
Project("{2150E333-8FDC-42A3-9474-1A3956D46DE8}") = "Solution Items", "Solution Items", "{4C538EE0-2EE1-4A56-9745-A72F93C54C56}"
	ProjectSection(SolutionItems) = preProject
		.gitignore = .gitignore
		README.md = README.md
	EndProjectSection
EndProject
Global
	GlobalSection(SolutionConfigurationPlatforms) = preSolution
		Debug|Any CPU = Debug|Any CPU
		Release|Any CPU = Release|Any CPU
	EndGlobalSection
	GlobalSection(ProjectConfigurationPlatforms) = postSolution
		{A3BEBCB4-7470-4CB9-A5C7-3BACEB857C8C}.Debug|Any CPU.ActiveCfg = Debug|Any CPU
		{A3BEBCB4-7470-4CB9-A5C7-3BACEB857C8C}.Debug|Any CPU.Build.0 = Debug|Any CPU
		{A3BEBCB4-7470-4CB9-A5C7-3BACEB857C8C}.Release|Any CPU.ActiveCfg = Release|Any CPU
		{A3BEBCB4-7470-4CB9-A5C7-3BACEB857C8C}.Release|Any CPU.Build.0 = Release|Any CPU
	EndGlobalSection
	GlobalSection(SolutionProperties) = preSolution
		HideSolutionNode = FALSE
	EndGlobalSection
	GlobalSection(ExtensibilityGlobals) = postSolution
		SolutionGuid = {83524E9E-1803-4742-B833-A67524A10169}
	EndGlobalSection
EndGlobal
